// !$*UTF8*$!
{
	archiveVersion = 1;
	classes = {
	};
	objectVersion = 46;
	objects = {

/* Begin PBXBuildFile section */
		0954528C1FD77A07006DC251 /* AppDelegate.swift in Sources */ = {isa = PBXBuildFile; fileRef = 0954528B1FD77A07006DC251 /* AppDelegate.swift */; };
		0954528E1FD77A07006DC251 /* ViewController.swift in Sources */ = {isa = PBXBuildFile; fileRef = 0954528D1FD77A07006DC251 /* ViewController.swift */; };
		095452911FD77A08006DC251 /* Main.storyboard in Resources */ = {isa = PBXBuildFile; fileRef = 0954528F1FD77A08006DC251 /* Main.storyboard */; };
		095452931FD77A08006DC251 /* Assets.xcassets in Resources */ = {isa = PBXBuildFile; fileRef = 095452921FD77A08006DC251 /* Assets.xcassets */; };
		095452961FD77A08006DC251 /* LaunchScreen.storyboard in Resources */ = {isa = PBXBuildFile; fileRef = 095452941FD77A08006DC251 /* LaunchScreen.storyboard */; };
		0954529F1FD79929006DC251 /* CalendarViewController.swift in Sources */ = {isa = PBXBuildFile; fileRef = 0954529E1FD79929006DC251 /* CalendarViewController.swift */; };
		095452A11FD79B25006DC251 /* DateManager.swift in Sources */ = {isa = PBXBuildFile; fileRef = 095452A01FD79B25006DC251 /* DateManager.swift */; };
		095452A31FD79B55006DC251 /* Calendar.swift in Sources */ = {isa = PBXBuildFile; fileRef = 095452A21FD79B55006DC251 /* Calendar.swift */; };
		095452A51FD79B72006DC251 /* CollectionReusableView.swift in Sources */ = {isa = PBXBuildFile; fileRef = 095452A41FD79B72006DC251 /* CollectionReusableView.swift */; };
		09BD22501FD8D2E5005489C3 /* TourokuViewController.swift in Sources */ = {isa = PBXBuildFile; fileRef = 09BD224F1FD8D2E5005489C3 /* TourokuViewController.swift */; };
		09BD22531FD8D93C005489C3 /* FirstViewController.swift in Sources */ = {isa = PBXBuildFile; fileRef = 09BD22521FD8D93C005489C3 /* FirstViewController.swift */; };
		09BD22551FD8D949005489C3 /* ThirdViewController.swift in Sources */ = {isa = PBXBuildFile; fileRef = 09BD22541FD8D949005489C3 /* ThirdViewController.swift */; };
		09BD22571FD8D95E005489C3 /* SecondViewController.swift in Sources */ = {isa = PBXBuildFile; fileRef = 09BD22561FD8D95E005489C3 /* SecondViewController.swift */; };
		09BD22591FD8D971005489C3 /* PageViewController.swift in Sources */ = {isa = PBXBuildFile; fileRef = 09BD22581FD8D971005489C3 /* PageViewController.swift */; };
		09BD225B1FD8DAA0005489C3 /* illustlist in Resources */ = {isa = PBXBuildFile; fileRef = 09BD225A1FD8DAA0005489C3 /* illustlist */; };
		09E6E5461FDF6C0D00A53E13 /* dataseve.swift in Sources */ = {isa = PBXBuildFile; fileRef = 09E6E5451FDF6C0D00A53E13 /* dataseve.swift */; };
/* End PBXBuildFile section */

/* Begin PBXFileReference section */
		095452881FD77A07006DC251 /* sansyoku.app */ = {isa = PBXFileReference; explicitFileType = wrapper.application; includeInIndex = 0; path = sansyoku.app; sourceTree = BUILT_PRODUCTS_DIR; };
		0954528B1FD77A07006DC251 /* AppDelegate.swift */ = {isa = PBXFileReference; lastKnownFileType = sourcecode.swift; path = AppDelegate.swift; sourceTree = "<group>"; };
		0954528D1FD77A07006DC251 /* ViewController.swift */ = {isa = PBXFileReference; lastKnownFileType = sourcecode.swift; path = ViewController.swift; sourceTree = "<group>"; };
		095452901FD77A08006DC251 /* Base */ = {isa = PBXFileReference; lastKnownFileType = file.storyboard; name = Base; path = Base.lproj/Main.storyboard; sourceTree = "<group>"; };
		095452921FD77A08006DC251 /* Assets.xcassets */ = {isa = PBXFileReference; lastKnownFileType = folder.assetcatalog; path = Assets.xcassets; sourceTree = "<group>"; };
		095452951FD77A08006DC251 /* Base */ = {isa = PBXFileReference; lastKnownFileType = file.storyboard; name = Base; path = Base.lproj/LaunchScreen.storyboard; sourceTree = "<group>"; };
		095452971FD77A08006DC251 /* Info.plist */ = {isa = PBXFileReference; lastKnownFileType = text.plist.xml; path = Info.plist; sourceTree = "<group>"; };
		0954529E1FD79929006DC251 /* CalendarViewController.swift */ = {isa = PBXFileReference; fileEncoding = 4; lastKnownFileType = sourcecode.swift; path = CalendarViewController.swift; sourceTree = "<group>"; };
		095452A01FD79B25006DC251 /* DateManager.swift */ = {isa = PBXFileReference; fileEncoding = 4; lastKnownFileType = sourcecode.swift; path = DateManager.swift; sourceTree = "<group>"; };
		095452A21FD79B55006DC251 /* Calendar.swift */ = {isa = PBXFileReference; fileEncoding = 4; lastKnownFileType = sourcecode.swift; path = Calendar.swift; sourceTree = "<group>"; };
		095452A41FD79B72006DC251 /* CollectionReusableView.swift */ = {isa = PBXFileReference; fileEncoding = 4; lastKnownFileType = sourcecode.swift; path = CollectionReusableView.swift; sourceTree = "<group>"; };
		09BD224F1FD8D2E5005489C3 /* TourokuViewController.swift */ = {isa = PBXFileReference; fileEncoding = 4; lastKnownFileType = sourcecode.swift; path = TourokuViewController.swift; sourceTree = "<group>"; };
		09BD22521FD8D93C005489C3 /* FirstViewController.swift */ = {isa = PBXFileReference; fileEncoding = 4; lastKnownFileType = sourcecode.swift; path = FirstViewController.swift; sourceTree = "<group>"; };
		09BD22541FD8D949005489C3 /* ThirdViewController.swift */ = {isa = PBXFileReference; fileEncoding = 4; lastKnownFileType = sourcecode.swift; path = ThirdViewController.swift; sourceTree = "<group>"; };
		09BD22561FD8D95E005489C3 /* SecondViewController.swift */ = {isa = PBXFileReference; fileEncoding = 4; lastKnownFileType = sourcecode.swift; path = SecondViewController.swift; sourceTree = "<group>"; };
		09BD22581FD8D971005489C3 /* PageViewController.swift */ = {isa = PBXFileReference; fileEncoding = 4; lastKnownFileType = sourcecode.swift; path = PageViewController.swift; sourceTree = "<group>"; };
		09BD225A1FD8DAA0005489C3 /* illustlist */ = {isa = PBXFileReference; lastKnownFileType = folder; path = illustlist; sourceTree = "<group>"; };
		09E6E5451FDF6C0D00A53E13 /* dataseve.swift */ = {isa = PBXFileReference; fileEncoding = 4; lastKnownFileType = sourcecode.swift; path = dataseve.swift; sourceTree = "<group>"; };
/* End PBXFileReference section */

/* Begin PBXFrameworksBuildPhase section */
		095452851FD77A07006DC251 /* Frameworks */ = {
			isa = PBXFrameworksBuildPhase;
			buildActionMask = 2147483647;
			files = (
			);
			runOnlyForDeploymentPostprocessing = 0;
		};
/* End PBXFrameworksBuildPhase section */

/* Begin PBXGroup section */
		0954527F1FD77A07006DC251 = {
			isa = PBXGroup;
			children = (
				0954528A1FD77A07006DC251 /* sansyoku */,
				095452891FD77A07006DC251 /* Products */,
			);
			sourceTree = "<group>";
		};
		095452891FD77A07006DC251 /* Products */ = {
			isa = PBXGroup;
			children = (
				095452881FD77A07006DC251 /* sansyoku.app */,
			);
			name = Products;
			sourceTree = "<group>";
		};
		0954528A1FD77A07006DC251 /* sansyoku */ = {
			isa = PBXGroup;
			children = (
				09BD225A1FD8DAA0005489C3 /* illustlist */,
				09BD22511FD8D913005489C3 /* Ragistration */,
				0954529D1FD798FC006DC251 /* Calendar */,
				0954528B1FD77A07006DC251 /* AppDelegate.swift */,
				0954528D1FD77A07006DC251 /* ViewController.swift */,
				0954528F1FD77A08006DC251 /* Main.storyboard */,
				09BD224F1FD8D2E5005489C3 /* TourokuViewController.swift */,
				095452921FD77A08006DC251 /* Assets.xcassets */,
				095452941FD77A08006DC251 /* LaunchScreen.storyboard */,
				095452971FD77A08006DC251 /* Info.plist */,
			);
			path = sansyoku;
			sourceTree = "<group>";
		};
		0954529D1FD798FC006DC251 /* Calendar */ = {
			isa = PBXGroup;
			children = (
				0954529E1FD79929006DC251 /* CalendarViewController.swift */,
				095452A01FD79B25006DC251 /* DateManager.swift */,
				095452A21FD79B55006DC251 /* Calendar.swift */,
				095452A41FD79B72006DC251 /* CollectionReusableView.swift */,
			);
			name = Calendar;
			sourceTree = "<group>";
		};
		09BD22511FD8D913005489C3 /* Ragistration */ = {
			isa = PBXGroup;
			children = (
				09BD22521FD8D93C005489C3 /* FirstViewController.swift */,
				09BD22541FD8D949005489C3 /* ThirdViewController.swift */,
				09BD22561FD8D95E005489C3 /* SecondViewController.swift */,
				09BD22581FD8D971005489C3 /* PageViewController.swift */,
				09E6E5451FDF6C0D00A53E13 /* dataseve.swift */,
			);
			name = Ragistration;
			sourceTree = "<group>";
		};
/* End PBXGroup section */

/* Begin PBXNativeTarget section */
		095452871FD77A07006DC251 /* sansyoku */ = {
			isa = PBXNativeTarget;
			buildConfigurationList = 0954529A1FD77A08006DC251 /* Build configuration list for PBXNativeTarget "sansyoku" */;
			buildPhases = (
				095452841FD77A07006DC251 /* Sources */,
				095452851FD77A07006DC251 /* Frameworks */,
				095452861FD77A07006DC251 /* Resources */,
			);
			buildRules = (
			);
			dependencies = (
			);
			name = sansyoku;
			productName = sansyoku;
			productReference = 095452881FD77A07006DC251 /* sansyoku.app */;
			productType = "com.apple.product-type.application";
		};
/* End PBXNativeTarget section */

/* Begin PBXProject section */
		095452801FD77A07006DC251 /* Project object */ = {
			isa = PBXProject;
			attributes = {
				LastSwiftUpdateCheck = 0820;
				LastUpgradeCheck = 0820;
				ORGANIZATIONNAME = "Hiroaki Ota";
				TargetAttributes = {
					095452871FD77A07006DC251 = {
						CreatedOnToolsVersion = 8.2.1;
						DevelopmentTeam = 7NF82T5QAS;
						ProvisioningStyle = Automatic;
					};
				};
			};
			buildConfigurationList = 095452831FD77A07006DC251 /* Build configuration list for PBXProject "sansyoku" */;
			compatibilityVersion = "Xcode 3.2";
			developmentRegion = English;
			hasScannedForEncodings = 0;
			knownRegions = (
				en,
				Base,
			);
			mainGroup = 0954527F1FD77A07006DC251;
			productRefGroup = 095452891FD77A07006DC251 /* Products */;
			projectDirPath = "";
			projectRoot = "";
			targets = (
				095452871FD77A07006DC251 /* sansyoku */,
			);
		};
/* End PBXProject section */

/* Begin PBXResourcesBuildPhase section */
		095452861FD77A07006DC251 /* Resources */ = {
			isa = PBXResourcesBuildPhase;
			buildActionMask = 2147483647;
			files = (
				095452961FD77A08006DC251 /* LaunchScreen.storyboard in Resources */,
				095452931FD77A08006DC251 /* Assets.xcassets in Resources */,
				095452911FD77A08006DC251 /* Main.storyboard in Resources */,
				09BD225B1FD8DAA0005489C3 /* illustlist in Resources */,
			);
			runOnlyForDeploymentPostprocessing = 0;
		};
/* End PBXResourcesBuildPhase section */

/* Begin PBXSourcesBuildPhase section */
		095452841FD77A07006DC251 /* Sources */ = {
			isa = PBXSourcesBuildPhase;
			buildActionMask = 2147483647;
			files = (
				0954529F1FD79929006DC251 /* CalendarViewController.swift in Sources */,
				095452A11FD79B25006DC251 /* DateManager.swift in Sources */,
				09BD22591FD8D971005489C3 /* PageViewController.swift in Sources */,
				09BD22571FD8D95E005489C3 /* SecondViewController.swift in Sources */,
				0954528E1FD77A07006DC251 /* ViewController.swift in Sources */,
				09BD22551FD8D949005489C3 /* ThirdViewController.swift in Sources */,
				09E6E5461FDF6C0D00A53E13 /* dataseve.swift in Sources */,
				09BD22531FD8D93C005489C3 /* FirstViewController.swift in Sources */,
				095452A51FD79B72006DC251 /* CollectionReusableView.swift in Sources */,
				0954528C1FD77A07006DC251 /* AppDelegate.swift in Sources */,
				09BD22501FD8D2E5005489C3 /* TourokuViewController.swift in Sources */,
				095452A31FD79B55006DC251 /* Calendar.swift in Sources */,
			);
			runOnlyForDeploymentPostprocessing = 0;
		};
/* End PBXSourcesBuildPhase section */

/* Begin PBXVariantGroup section */
		0954528F1FD77A08006DC251 /* Main.storyboard */ = {
			isa = PBXVariantGroup;
			children = (
				095452901FD77A08006DC251 /* Base */,
			);
			name = Main.storyboard;
			sourceTree = "<group>";
		};
		095452941FD77A08006DC251 /* LaunchScreen.storyboard */ = {
			isa = PBXVariantGroup;
			children = (
				095452951FD77A08006DC251 /* Base */,
			);
			name = LaunchScreen.storyboard;
			sourceTree = "<group>";
		};
/* End PBXVariantGroup section */

/* Begin XCBuildConfiguration section */
		095452981FD77A08006DC251 /* Debug */ = {
			isa = XCBuildConfiguration;
			buildSettings = {
				ALWAYS_SEARCH_USER_PATHS = NO;
				CLANG_ANALYZER_NONNULL = YES;
				CLANG_CXX_LANGUAGE_STANDARD = "gnu++0x";
				CLANG_CXX_LIBRARY = "libc++";
				CLANG_ENABLE_MODULES = YES;
				CLANG_ENABLE_OBJC_ARC = YES;
				CLANG_WARN_BOOL_CONVERSION = YES;
				CLANG_WARN_CONSTANT_CONVERSION = YES;
				CLANG_WARN_DIRECT_OBJC_ISA_USAGE = YES_ERROR;
				CLANG_WARN_DOCUMENTATION_COMMENTS = YES;
				CLANG_WARN_EMPTY_BODY = YES;
				CLANG_WARN_ENUM_CONVERSION = YES;
				CLANG_WARN_INFINITE_RECURSION = YES;
				CLANG_WARN_INT_CONVERSION = YES;
				CLANG_WARN_OBJC_ROOT_CLASS = YES_ERROR;
				CLANG_WARN_SUSPICIOUS_MOVE = YES;
				CLANG_WARN_UNREACHABLE_CODE = YES;
				CLANG_WARN__DUPLICATE_METHOD_MATCH = YES;
				"CODE_SIGN_IDENTITY[sdk=iphoneos*]" = "iPhone Developer";
				COPY_PHASE_STRIP = NO;
				DEBUG_INFORMATION_FORMAT = dwarf;
				ENABLE_STRICT_OBJC_MSGSEND = YES;
				ENABLE_TESTABILITY = YES;
				GCC_C_LANGUAGE_STANDARD = gnu99;
				GCC_DYNAMIC_NO_PIC = NO;
				GCC_NO_COMMON_BLOCKS = YES;
				GCC_OPTIMIZATION_LEVEL = 0;
				GCC_PREPROCESSOR_DEFINITIONS = (
					"DEBUG=1",
					"$(inherited)",
				);
				GCC_WARN_64_TO_32_BIT_CONVERSION = YES;
				GCC_WARN_ABOUT_RETURN_TYPE = YES_ERROR;
				GCC_WARN_UNDECLARED_SELECTOR = YES;
				GCC_WARN_UNINITIALIZED_AUTOS = YES_AGGRESSIVE;
				GCC_WARN_UNUSED_FUNCTION = YES;
				GCC_WARN_UNUSED_VARIABLE = YES;
				IPHONEOS_DEPLOYMENT_TARGET = 10.2;
				MTL_ENABLE_DEBUG_INFO = YES;
				ONLY_ACTIVE_ARCH = YES;
				SDKROOT = iphoneos;
				SWIFT_ACTIVE_COMPILATION_CONDITIONS = DEBUG;
				SWIFT_OPTIMIZATION_LEVEL = "-Onone";
			};
			name = Debug;
		};
		095452991FD77A08006DC251 /* Release */ = {
			isa = XCBuildConfiguration;
			buildSettings = {
				ALWAYS_SEARCH_USER_PATHS = NO;
				CLANG_ANALYZER_NONNULL = YES;
				CLANG_CXX_LANGUAGE_STANDARD = "gnu++0x";
				CLANG_CXX_LIBRARY = "libc++";
				CLANG_ENABLE_MODULES = YES;
				CLANG_ENABLE_OBJC_ARC = YES;
				CLANG_WARN_BOOL_CONVERSION = YES;
				CLANG_WARN_CONSTANT_CONVERSION = YES;
				CLANG_WARN_DIRECT_OBJC_ISA_USAGE = YES_ERROR;
				CLANG_WARN_DOCUMENTATION_COMMENTS = YES;
				CLANG_WARN_EMPTY_BODY = YES;
				CLANG_WARN_ENUM_CONVERSION = YES;
				CLANG_WARN_INFINITE_RECURSION = YES;
				CLANG_WARN_INT_CONVERSION = YES;
				CLANG_WARN_OBJC_ROOT_CLASS = YES_ERROR;
				CLANG_WARN_SUSPICIOUS_MOVE = YES;
				CLANG_WARN_UNREACHABLE_CODE = YES;
				CLANG_WARN__DUPLICATE_METHOD_MATCH = YES;
				"CODE_SIGN_IDENTITY[sdk=iphoneos*]" = "iPhone Developer";
				COPY_PHASE_STRIP = NO;
				DEBUG_INFORMATION_FORMAT = "dwarf-with-dsym";
				ENABLE_NS_ASSERTIONS = NO;
				ENABLE_STRICT_OBJC_MSGSEND = YES;
				GCC_C_LANGUAGE_STANDARD = gnu99;
				GCC_NO_COMMON_BLOCKS = YES;
				GCC_WARN_64_TO_32_BIT_CONVERSION = YES;
				GCC_WARN_ABOUT_RETURN_TYPE = YES_ERROR;
				GCC_WARN_UNDECLARED_SELECTOR = YES;
				GCC_WARN_UNINITIALIZED_AUTOS = YES_AGGRESSIVE;
				GCC_WARN_UNUSED_FUNCTION = YES;
				GCC_WARN_UNUSED_VARIABLE = YES;
				IPHONEOS_DEPLOYMENT_TARGET = 10.2;
				MTL_ENABLE_DEBUG_INFO = NO;
				SDKROOT = iphoneos;
				SWIFT_OPTIMIZATION_LEVEL = "-Owholemodule";
				VALIDATE_PRODUCT = YES;
			};
			name = Release;
		};
		0954529B1FD77A08006DC251 /* Debug */ = {
			isa = XCBuildConfiguration;
			buildSettings = {
				ASSETCATALOG_COMPILER_APPICON_NAME = AppIcon;
				DEVELOPMENT_TEAM = 7NF82T5QAS;
				INFOPLIST_FILE = sansyoku/Info.plist;
				LD_RUNPATH_SEARCH_PATHS = "$(inherited) @executable_path/Frameworks";
				PRODUCT_BUNDLE_IDENTIFIER = tsit.st2.sansyoku;
				PRODUCT_NAME = "$(TARGET_NAME)";
				SWIFT_VERSION = 3.0;
			};
			name = Debug;
		};
		0954529C1FD77A08006DC251 /* Release */ = {
			isa = XCBuildConfiguration;
			buildSettings = {
				ASSETCATALOG_COMPILER_APPICON_NAME = AppIcon;
				DEVELOPMENT_TEAM = 7NF82T5QAS;
				INFOPLIST_FILE = sansyoku/Info.plist;
				LD_RUNPATH_SEARCH_PATHS = "$(inherited) @executable_path/Frameworks";
				PRODUCT_BUNDLE_IDENTIFIER = tsit.st2.sansyoku;
				PRODUCT_NAME = "$(TARGET_NAME)";
				SWIFT_VERSION = 3.0;
			};
			name = Release;
		};
/* End XCBuildConfiguration section */

/* Begin XCConfigurationList section */
		095452831FD77A07006DC251 /* Build configuration list for PBXProject "sansyoku" */ = {
			isa = XCConfigurationList;
			buildConfigurations = (
				095452981FD77A08006DC251 /* Debug */,
				095452991FD77A08006DC251 /* Release */,
			);
			defaultConfigurationIsVisible = 0;
			defaultConfigurationName = Release;
		};
		0954529A1FD77A08006DC251 /* Build configuration list for PBXNativeTarget "sansyoku" */ = {
			isa = XCConfigurationList;
			buildConfigurations = (
				0954529B1FD77A08006DC251 /* Debug */,
				0954529C1FD77A08006DC251 /* Release */,
			);
			defaultConfigurationIsVisible = 0;
			defaultConfigurationName = Release;
		};
/* End XCConfigurationList section */
	};
	rootObject = 095452801FD77A07006DC251 /* Project object */;
}
